
Microsoft Visual Studio Solution File, Format Version 12.00
# Visual Studio Version 17
VisualStudioVersion = 17.8.34322.80
MinimumVisualStudioVersion = 10.0.40219.1
Project("{FAE04EC0-301F-11D3-BF4B-00C04F79EFBC}") = "ServerForma", "ServerForma\ServerForma.csproj", "{A950FE39-BC1A-48F7-AACA-DF4DAC471B6E}"
EndProject
Project("{FAE04EC0-301F-11D3-BF4B-00C04F79EFBC}") = "Common", "Common\Common.csproj", "{C7BF027C-7F3B-4440-B621-9D9CAAD86FE6}"
EndProject
Project("{FAE04EC0-301F-11D3-BF4B-00C04F79EFBC}") = "Client", "Client\Client.csproj", "{0E885BA6-2AAC-4C77-B158-8488DE22495A}"
EndProject
Global
	GlobalSection(SolutionConfigurationPlatforms) = preSolution
		Debug|Any CPU = Debug|Any CPU
		Release|Any CPU = Release|Any CPU
	EndGlobalSection
	GlobalSection(ProjectConfigurationPlatforms) = postSolution
		{A950FE39-BC1A-48F7-AACA-DF4DAC471B6E}.Debug|Any CPU.ActiveCfg = Debug|Any CPU
		{A950FE39-BC1A-48F7-AACA-DF4DAC471B6E}.Debug|Any CPU.Build.0 = Debug|Any CPU
		{A950FE39-BC1A-48F7-AACA-DF4DAC471B6E}.Release|Any CPU.ActiveCfg = Release|Any CPU
		{A950FE39-BC1A-48F7-AACA-DF4DAC471B6E}.Release|Any CPU.Build.0 = Release|Any CPU
		{C7BF027C-7F3B-4440-B621-9D9CAAD86FE6}.Debug|Any CPU.ActiveCfg = Debug|Any CPU
		{C7BF027C-7F3B-4440-B621-9D9CAAD86FE6}.Debug|Any CPU.Build.0 = Debug|Any CPU
		{C7BF027C-7F3B-4440-B621-9D9CAAD86FE6}.Release|Any CPU.ActiveCfg = Release|Any CPU
		{C7BF027C-7F3B-4440-B621-9D9CAAD86FE6}.Release|Any CPU.Build.0 = Release|Any CPU
		{0E885BA6-2AAC-4C77-B158-8488DE22495A}.Debug|Any CPU.ActiveCfg = Debug|Any CPU
		{0E885BA6-2AAC-4C77-B158-8488DE22495A}.Debug|Any CPU.Build.0 = Debug|Any CPU
		{0E885BA6-2AAC-4C77-B158-8488DE22495A}.Release|Any CPU.ActiveCfg = Release|Any CPU
		{0E885BA6-2AAC-4C77-B158-8488DE22495A}.Release|Any CPU.Build.0 = Release|Any CPU
	EndGlobalSection
	GlobalSection(SolutionProperties) = preSolution
		HideSolutionNode = FALSE
	EndGlobalSection
	GlobalSection(ExtensibilityGlobals) = postSolution
		SolutionGuid = {AFB16958-D3B7-4AFB-BD82-B27B49D00B11}
	EndGlobalSection
EndGlobal
